
Microsoft Visual Studio Solution File, Format Version 12.00
Project("{FAE04EC0-301F-11D3-BF4B-00C04F79EFBC}") = "GraphicsProgrammingProject", "GraphicsProgrammingProject\GraphicsProgrammingProject.csproj", "{E99C8722-1AD5-4A4F-BAC5-E60D0B43C97D}"
EndProject
Global
	GlobalSection(SolutionConfigurationPlatforms) = preSolution
		Debug|Any CPU = Debug|Any CPU
		Release|Any CPU = Release|Any CPU
	EndGlobalSection
	GlobalSection(ProjectConfigurationPlatforms) = postSolution
		{E99C8722-1AD5-4A4F-BAC5-E60D0B43C97D}.Debug|Any CPU.ActiveCfg = Debug|Any CPU
		{E99C8722-1AD5-4A4F-BAC5-E60D0B43C97D}.Debug|Any CPU.Build.0 = Debug|Any CPU
		{E99C8722-1AD5-4A4F-BAC5-E60D0B43C97D}.Release|Any CPU.ActiveCfg = Release|Any CPU
		{E99C8722-1AD5-4A4F-BAC5-E60D0B43C97D}.Release|Any CPU.Build.0 = Release|Any CPU
	EndGlobalSection
EndGlobal
